{
  "object": {
    "pins": [
      {
        "package": "ParkedTextField",
        "repositoryURL": "https://github.com/gmertk/ParkedTextField.git",
        "state": {
          "branch": null,
          "revision": "5e2838afd27d57edb399a9192fb10bb11f686ad3",
          "version": "1.0.0"
        }
      }
    ]
  },
  "version": 1
}
